
Microsoft Visual Studio Solution File, Format Version 12.00
# Visual Studio Version 16
VisualStudioVersion = 16.0.32630.194
MinimumVisualStudioVersion = 10.0.40219.1
Project("{FAE04EC0-301F-11D3-BF4B-00C04F79EFBC}") = "MinAndArea", "MinAndArea.csproj", "{2AE68876-4BAB-4C30-8D0B-E259839F641B}"
EndProject
Global
	GlobalSection(SolutionConfigurationPlatforms) = preSolution
		Debug|Any CPU = Debug|Any CPU
		Release|Any CPU = Release|Any CPU
	EndGlobalSection
	GlobalSection(ProjectConfigurationPlatforms) = postSolution
		{2AE68876-4BAB-4C30-8D0B-E259839F641B}.Debug|Any CPU.ActiveCfg = Debug|Any CPU
		{2AE68876-4BAB-4C30-8D0B-E259839F641B}.Debug|Any CPU.Build.0 = Debug|Any CPU
		{2AE68876-4BAB-4C30-8D0B-E259839F641B}.Release|Any CPU.ActiveCfg = Release|Any CPU
		{2AE68876-4BAB-4C30-8D0B-E259839F641B}.Release|Any CPU.Build.0 = Release|Any CPU
	EndGlobalSection
	GlobalSection(SolutionProperties) = preSolution
		HideSolutionNode = FALSE
	EndGlobalSection
	GlobalSection(ExtensibilityGlobals) = postSolution
		SolutionGuid = {7AEDC26E-4C55-4515-B702-ECC4DEB15ED5}
	EndGlobalSection
EndGlobal
